{
  "name": "@etherisc/gif-interface",
  "version": "v1.7.0-staking-b",
  "lockfileVersion": 2,
  "requires": true,
  "packages": {
    "": {
      "name": "@etherisc/gif-interface",
      "version": "v1.7.0-staking-b",
      "license": "Apache-2.0",
      "dependencies": {
        "openzeppelin-solidity": "^4.6.0"
      }
    },
    "node_modules/openzeppelin-solidity": {
      "version": "4.6.0",
      "resolved": "https://registry.npmjs.org/openzeppelin-solidity/-/openzeppelin-solidity-4.6.0.tgz",
      "integrity": "sha512-Os4FUzc5V+4U2lpFyJA0kWh5fy3AZhYgS8CmB3Db4c4NGd3SsjFzuvWjBybn7NA4KZG7Gf6Lb7BdS8Cxb8Adtw==",
      "deprecated": "This package is now published as @openzeppelin/contracts. Please change your dependency.",
      "bin": {
        "openzeppelin-contracts-migrate-imports": "scripts/migrate-imports.js"
      }
    }
  },
  "dependencies": {
    "openzeppelin-solidity": {
      "version": "4.6.0",
      "resolved": "https://registry.npmjs.org/openzeppelin-solidity/-/openzeppelin-solidity-4.6.0.tgz",
      "integrity": "sha512-Os4FUzc5V+4U2lpFyJA0kWh5fy3AZhYgS8CmB3Db4c4NGd3SsjFzuvWjBybn7NA4KZG7Gf6Lb7BdS8Cxb8Adtw=="
    }
  }
}
